
Microsoft Visual Studio Solution File, Format Version 12.00
# Visual Studio Version 17
VisualStudioVersion = 17.2.32616.157
MinimumVisualStudioVersion = 10.0.40219.1
Project("{9A19103F-16F7-4668-BE54-9A1E7A4F7556}") = "EventsAPI", "EventsAPI\EventsAPI.csproj", "{5E16B886-F870-4303-BF53-390FFC36AC8E}"
EndProject
Global
	GlobalSection(SolutionConfigurationPlatforms) = preSolution
		Debug|Any CPU = Debug|Any CPU
		Release|Any CPU = Release|Any CPU
	EndGlobalSection
	GlobalSection(ProjectConfigurationPlatforms) = postSolution
		{5E16B886-F870-4303-BF53-390FFC36AC8E}.Debug|Any CPU.ActiveCfg = Debug|Any CPU
		{5E16B886-F870-4303-BF53-390FFC36AC8E}.Debug|Any CPU.Build.0 = Debug|Any CPU
		{5E16B886-F870-4303-BF53-390FFC36AC8E}.Release|Any CPU.ActiveCfg = Release|Any CPU
		{5E16B886-F870-4303-BF53-390FFC36AC8E}.Release|Any CPU.Build.0 = Release|Any CPU
	EndGlobalSection
	GlobalSection(SolutionProperties) = preSolution
		HideSolutionNode = FALSE
	EndGlobalSection
	GlobalSection(ExtensibilityGlobals) = postSolution
		SolutionGuid = {DC7E3642-32A1-42A9-AF6A-7048C66125F3}
	EndGlobalSection
EndGlobal
